
Microsoft Visual Studio Solution File, Format Version 12.00
# Visual Studio Version 16
VisualStudioVersion = 16.0.29020.237
MinimumVisualStudioVersion = 10.0.40219.1
Project("{9A19103F-16F7-4668-BE54-9A1E7A4F7556}") = "OOPRecords.Model", "OOPRecords.Model\OOPRecords.Model.csproj", "{4131BEDC-9CA4-4921-A75D-1FF3338FF5B2}"
EndProject
Project("{FAE04EC0-301F-11D3-BF4B-00C04F79EFBC}") = "OOPRecords.ConsoleUI", "OOPRecords.ConsoleUI\OOPRecords.ConsoleUI.csproj", "{7C756A32-F347-40C0-ADE1-828DAE92765B}"
EndProject
Global
	GlobalSection(SolutionConfigurationPlatforms) = preSolution
		Debug|Any CPU = Debug|Any CPU
		Release|Any CPU = Release|Any CPU
	EndGlobalSection
	GlobalSection(ProjectConfigurationPlatforms) = postSolution
		{4131BEDC-9CA4-4921-A75D-1FF3338FF5B2}.Debug|Any CPU.ActiveCfg = Debug|Any CPU
		{4131BEDC-9CA4-4921-A75D-1FF3338FF5B2}.Debug|Any CPU.Build.0 = Debug|Any CPU
		{4131BEDC-9CA4-4921-A75D-1FF3338FF5B2}.Release|Any CPU.ActiveCfg = Release|Any CPU
		{4131BEDC-9CA4-4921-A75D-1FF3338FF5B2}.Release|Any CPU.Build.0 = Release|Any CPU
		{7C756A32-F347-40C0-ADE1-828DAE92765B}.Debug|Any CPU.ActiveCfg = Debug|Any CPU
		{7C756A32-F347-40C0-ADE1-828DAE92765B}.Debug|Any CPU.Build.0 = Debug|Any CPU
		{7C756A32-F347-40C0-ADE1-828DAE92765B}.Release|Any CPU.ActiveCfg = Release|Any CPU
		{7C756A32-F347-40C0-ADE1-828DAE92765B}.Release|Any CPU.Build.0 = Release|Any CPU
	EndGlobalSection
	GlobalSection(SolutionProperties) = preSolution
		HideSolutionNode = FALSE
	EndGlobalSection
	GlobalSection(ExtensibilityGlobals) = postSolution
		SolutionGuid = {799E2CE7-FFED-4BC7-B418-DA38A9E4FE9D}
	EndGlobalSection
EndGlobal
